
Microsoft Visual Studio Solution File, Format Version 12.00
# Visual Studio Version 16
VisualStudioVersion = 16.0.31424.327
MinimumVisualStudioVersion = 10.0.40219.1
Project("{FAE04EC0-301F-11D3-BF4B-00C04F79EFBC}") = "MTGamePan", "MTGamePan\MTGamePan.csproj", "{9B08F03E-4211-4E63-AAD3-90E355A5D8FB}"
EndProject
Global
	GlobalSection(SolutionConfigurationPlatforms) = preSolution
		Debug|Any CPU = Debug|Any CPU
		Release|Any CPU = Release|Any CPU
	EndGlobalSection
	GlobalSection(ProjectConfigurationPlatforms) = postSolution
		{9B08F03E-4211-4E63-AAD3-90E355A5D8FB}.Debug|Any CPU.ActiveCfg = Debug|Any CPU
		{9B08F03E-4211-4E63-AAD3-90E355A5D8FB}.Debug|Any CPU.Build.0 = Debug|Any CPU
		{9B08F03E-4211-4E63-AAD3-90E355A5D8FB}.Release|Any CPU.ActiveCfg = Release|Any CPU
		{9B08F03E-4211-4E63-AAD3-90E355A5D8FB}.Release|Any CPU.Build.0 = Release|Any CPU
	EndGlobalSection
	GlobalSection(SolutionProperties) = preSolution
		HideSolutionNode = FALSE
	EndGlobalSection
	GlobalSection(ExtensibilityGlobals) = postSolution
		SolutionGuid = {B7F21E32-E20A-4F70-9A13-5771FBD2EB0A}
	EndGlobalSection
EndGlobal
